// !$*UTF8*$!
{
	archiveVersion = 1;
	classes = {
	};
	objectVersion = 56;
	objects = {

/* Begin PBXBuildFile section */
		430ADCBD2DEDF27D005AD2EC /* AMFEncode.cpp in Sources */ = {isa = PBXBuildFile; fileRef = 430ADCBB2DEDF27D005AD2EC /* AMFEncode.cpp */; };
		43E7B5412DDA287D00283791 /* AppDelegate.m in Sources */ = {isa = PBXBuildFile; fileRef = 43E7B5402DDA287D00283791 /* AppDelegate.m */; };
		43E7B5442DDA287D00283791 /* SceneDelegate.m in Sources */ = {isa = PBXBuildFile; fileRef = 43E7B5432DDA287D00283791 /* SceneDelegate.m */; };
		43E7B5472DDA287D00283791 /* ViewController.mm in Sources */ = {isa = PBXBuildFile; fileRef = 43E7B5462DDA287D00283791 /* ViewController.mm */; };
		43E7B54A2DDA287D00283791 /* Main.storyboard in Resources */ = {isa = PBXBuildFile; fileRef = 43E7B5482DDA287D00283791 /* Main.storyboard */; };
		43E7B54C2DDA287E00283791 /* Assets.xcassets in Resources */ = {isa = PBXBuildFile; fileRef = 43E7B54B2DDA287E00283791 /* Assets.xcassets */; };
		43E7B54F2DDA287E00283791 /* LaunchScreen.storyboard in Resources */ = {isa = PBXBuildFile; fileRef = 43E7B54D2DDA287E00283791 /* LaunchScreen.storyboard */; };
		43E7B5522DDA287E00283791 /* main.m in Sources */ = {isa = PBXBuildFile; fileRef = 43E7B5512DDA287E00283791 /* main.m */; };
		43E7B55C2DDA287E00283791 /* TuRtmpPushTests.m in Sources */ = {isa = PBXBuildFile; fileRef = 43E7B55B2DDA287E00283791 /* TuRtmpPushTests.m */; };
		43E7B5662DDA287E00283791 /* TuRtmpPushUITests.m in Sources */ = {isa = PBXBuildFile; fileRef = 43E7B5652DDA287E00283791 /* TuRtmpPushUITests.m */; };
		43E7B5682DDA287E00283791 /* TuRtmpPushUITestsLaunchTests.m in Sources */ = {isa = PBXBuildFile; fileRef = 43E7B5672DDA287E00283791 /* TuRtmpPushUITestsLaunchTests.m */; };
		43E7B5772DDA29C100283791 /* handshake.cpp in Sources */ = {isa = PBXBuildFile; fileRef = 43E7B5752DDA29C100283791 /* handshake.cpp */; };
		43E7B57A2DDA29FE00283791 /* socketconnect.cpp in Sources */ = {isa = PBXBuildFile; fileRef = 43E7B5782DDA29FE00283791 /* socketconnect.cpp */; };
/* End PBXBuildFile section */

/* Begin PBXContainerItemProxy section */
		43E7B5582DDA287E00283791 /* PBXContainerItemProxy */ = {
			isa = PBXContainerItemProxy;
			containerPortal = 43E7B5342DDA287C00283791 /* Project object */;
			proxyType = 1;
			remoteGlobalIDString = 43E7B53B2DDA287D00283791;
			remoteInfo = TuRtmpPush;
		};
		43E7B5622DDA287E00283791 /* PBXContainerItemProxy */ = {
			isa = PBXContainerItemProxy;
			containerPortal = 43E7B5342DDA287C00283791 /* Project object */;
			proxyType = 1;
			remoteGlobalIDString = 43E7B53B2DDA287D00283791;
			remoteInfo = TuRtmpPush;
		};
/* End PBXContainerItemProxy section */

/* Begin PBXFileReference section */
		430ADCBB2DEDF27D005AD2EC /* AMFEncode.cpp */ = {isa = PBXFileReference; lastKnownFileType = sourcecode.cpp.cpp; path = AMFEncode.cpp; sourceTree = "<group>"; };
		430ADCBC2DEDF27D005AD2EC /* AMFEncode.hpp */ = {isa = PBXFileReference; lastKnownFileType = sourcecode.cpp.h; path = AMFEncode.hpp; sourceTree = "<group>"; };
		43E7B53C2DDA287D00283791 /* TuRtmpPush.app */ = {isa = PBXFileReference; explicitFileType = wrapper.application; includeInIndex = 0; path = TuRtmpPush.app; sourceTree = BUILT_PRODUCTS_DIR; };
		43E7B53F2DDA287D00283791 /* AppDelegate.h */ = {isa = PBXFileReference; lastKnownFileType = sourcecode.c.h; path = AppDelegate.h; sourceTree = "<group>"; };
		43E7B5402DDA287D00283791 /* AppDelegate.m */ = {isa = PBXFileReference; lastKnownFileType = sourcecode.c.objc; path = AppDelegate.m; sourceTree = "<group>"; };
		43E7B5422DDA287D00283791 /* SceneDelegate.h */ = {isa = PBXFileReference; lastKnownFileType = sourcecode.c.h; path = SceneDelegate.h; sourceTree = "<group>"; };
		43E7B5432DDA287D00283791 /* SceneDelegate.m */ = {isa = PBXFileReference; lastKnownFileType = sourcecode.c.objc; path = SceneDelegate.m; sourceTree = "<group>"; };
		43E7B5452DDA287D00283791 /* ViewController.h */ = {isa = PBXFileReference; lastKnownFileType = sourcecode.c.h; path = ViewController.h; sourceTree = "<group>"; };
		43E7B5462DDA287D00283791 /* ViewController.mm */ = {isa = PBXFileReference; lastKnownFileType = sourcecode.cpp.objcpp; path = ViewController.mm; sourceTree = "<group>"; };
		43E7B5492DDA287D00283791 /* Base */ = {isa = PBXFileReference; lastKnownFileType = file.storyboard; name = Base; path = Base.lproj/Main.storyboard; sourceTree = "<group>"; };
		43E7B54B2DDA287E00283791 /* Assets.xcassets */ = {isa = PBXFileReference; lastKnownFileType = folder.assetcatalog; path = Assets.xcassets; sourceTree = "<group>"; };
		43E7B54E2DDA287E00283791 /* Base */ = {isa = PBXFileReference; lastKnownFileType = file.storyboard; name = Base; path = Base.lproj/LaunchScreen.storyboard; sourceTree = "<group>"; };
		43E7B5502DDA287E00283791 /* Info.plist */ = {isa = PBXFileReference; lastKnownFileType = text.plist.xml; path = Info.plist; sourceTree = "<group>"; };
		43E7B5512DDA287E00283791 /* main.m */ = {isa = PBXFileReference; lastKnownFileType = sourcecode.c.objc; path = main.m; sourceTree = "<group>"; };
		43E7B5572DDA287E00283791 /* TuRtmpPushTests.xctest */ = {isa = PBXFileReference; explicitFileType = wrapper.cfbundle; includeInIndex = 0; path = TuRtmpPushTests.xctest; sourceTree = BUILT_PRODUCTS_DIR; };
		43E7B55B2DDA287E00283791 /* TuRtmpPushTests.m */ = {isa = PBXFileReference; lastKnownFileType = sourcecode.c.objc; path = TuRtmpPushTests.m; sourceTree = "<group>"; };
		43E7B5612DDA287E00283791 /* TuRtmpPushUITests.xctest */ = {isa = PBXFileReference; explicitFileType = wrapper.cfbundle; includeInIndex = 0; path = TuRtmpPushUITests.xctest; sourceTree = BUILT_PRODUCTS_DIR; };
		43E7B5652DDA287E00283791 /* TuRtmpPushUITests.m */ = {isa = PBXFileReference; lastKnownFileType = sourcecode.c.objc; path = TuRtmpPushUITests.m; sourceTree = "<group>"; };
		43E7B5672DDA287E00283791 /* TuRtmpPushUITestsLaunchTests.m */ = {isa = PBXFileReference; lastKnownFileType = sourcecode.c.objc; path = TuRtmpPushUITestsLaunchTests.m; sourceTree = "<group>"; };
		43E7B5752DDA29C100283791 /* handshake.cpp */ = {isa = PBXFileReference; lastKnownFileType = sourcecode.cpp.cpp; path = handshake.cpp; sourceTree = "<group>"; };
		43E7B5762DDA29C100283791 /* handshake.hpp */ = {isa = PBXFileReference; lastKnownFileType = sourcecode.cpp.h; path = handshake.hpp; sourceTree = "<group>"; };
		43E7B5782DDA29FE00283791 /* socketconnect.cpp */ = {isa = PBXFileReference; lastKnownFileType = sourcecode.cpp.cpp; path = socketconnect.cpp; sourceTree = "<group>"; };
		43E7B5792DDA29FE00283791 /* socketconnect.hpp */ = {isa = PBXFileReference; lastKnownFileType = sourcecode.cpp.h; path = socketconnect.hpp; sourceTree = "<group>"; };
/* End PBXFileReference section */

/* Begin PBXFrameworksBuildPhase section */
		43E7B5392DDA287D00283791 /* Frameworks */ = {
			isa = PBXFrameworksBuildPhase;
			buildActionMask = 2147483647;
			files = (
			);
			runOnlyForDeploymentPostprocessing = 0;
		};
		43E7B5542DDA287E00283791 /* Frameworks */ = {
			isa = PBXFrameworksBuildPhase;
			buildActionMask = 2147483647;
			files = (
			);
			runOnlyForDeploymentPostprocessing = 0;
		};
		43E7B55E2DDA287E00283791 /* Frameworks */ = {
			isa = PBXFrameworksBuildPhase;
			buildActionMask = 2147483647;
			files = (
			);
			runOnlyForDeploymentPostprocessing = 0;
		};
/* End PBXFrameworksBuildPhase section */

/* Begin PBXGroup section */
		43E7B5332DDA287C00283791 = {
			isa = PBXGroup;
			children = (
				43E7B53E2DDA287D00283791 /* TuRtmpPush */,
				43E7B55A2DDA287E00283791 /* TuRtmpPushTests */,
				43E7B5642DDA287E00283791 /* TuRtmpPushUITests */,
				43E7B53D2DDA287D00283791 /* Products */,
			);
			sourceTree = "<group>";
		};
		43E7B53D2DDA287D00283791 /* Products */ = {
			isa = PBXGroup;
			children = (
				43E7B53C2DDA287D00283791 /* TuRtmpPush.app */,
				43E7B5572DDA287E00283791 /* TuRtmpPushTests.xctest */,
				43E7B5612DDA287E00283791 /* TuRtmpPushUITests.xctest */,
			);
			name = Products;
			sourceTree = "<group>";
		};
		43E7B53E2DDA287D00283791 /* TuRtmpPush */ = {
			isa = PBXGroup;
			children = (
				43E7B5742DDA293800283791 /* tu-rtmp */,
				43E7B53F2DDA287D00283791 /* AppDelegate.h */,
				43E7B5402DDA287D00283791 /* AppDelegate.m */,
				43E7B5422DDA287D00283791 /* SceneDelegate.h */,
				43E7B5432DDA287D00283791 /* SceneDelegate.m */,
				43E7B5452DDA287D00283791 /* ViewController.h */,
				43E7B5462DDA287D00283791 /* ViewController.mm */,
				43E7B5482DDA287D00283791 /* Main.storyboard */,
				43E7B54B2DDA287E00283791 /* Assets.xcassets */,
				43E7B54D2DDA287E00283791 /* LaunchScreen.storyboard */,
				43E7B5502DDA287E00283791 /* Info.plist */,
				43E7B5512DDA287E00283791 /* main.m */,
			);
			path = TuRtmpPush;
			sourceTree = "<group>";
		};
		43E7B55A2DDA287E00283791 /* TuRtmpPushTests */ = {
			isa = PBXGroup;
			children = (
				43E7B55B2DDA287E00283791 /* TuRtmpPushTests.m */,
			);
			path = TuRtmpPushTests;
			sourceTree = "<group>";
		};
		43E7B5642DDA287E00283791 /* TuRtmpPushUITests */ = {
			isa = PBXGroup;
			children = (
				43E7B5652DDA287E00283791 /* TuRtmpPushUITests.m */,
				43E7B5672DDA287E00283791 /* TuRtmpPushUITestsLaunchTests.m */,
			);
			path = TuRtmpPushUITests;
			sourceTree = "<group>";
		};
		43E7B5742DDA293800283791 /* tu-rtmp */ = {
			isa = PBXGroup;
			children = (
				43E7B5782DDA29FE00283791 /* socketconnect.cpp */,
				43E7B5792DDA29FE00283791 /* socketconnect.hpp */,
				43E7B5752DDA29C100283791 /* handshake.cpp */,
				43E7B5762DDA29C100283791 /* handshake.hpp */,
				430ADCBB2DEDF27D005AD2EC /* AMFEncode.cpp */,
				430ADCBC2DEDF27D005AD2EC /* AMFEncode.hpp */,
			);
			path = "tu-rtmp";
			sourceTree = "<group>";
		};
/* End PBXGroup section */

/* Begin PBXNativeTarget section */
		43E7B53B2DDA287D00283791 /* TuRtmpPush */ = {
			isa = PBXNativeTarget;
			buildConfigurationList = 43E7B56B2DDA287E00283791 /* Build configuration list for PBXNativeTarget "TuRtmpPush" */;
			buildPhases = (
				43E7B5382DDA287D00283791 /* Sources */,
				43E7B5392DDA287D00283791 /* Frameworks */,
				43E7B53A2DDA287D00283791 /* Resources */,
			);
			buildRules = (
			);
			dependencies = (
			);
			name = TuRtmpPush;
			productName = TuRtmpPush;
			productReference = 43E7B53C2DDA287D00283791 /* TuRtmpPush.app */;
			productType = "com.apple.product-type.application";
		};
		43E7B5562DDA287E00283791 /* TuRtmpPushTests */ = {
			isa = PBXNativeTarget;
			buildConfigurationList = 43E7B56E2DDA287E00283791 /* Build configuration list for PBXNativeTarget "TuRtmpPushTests" */;
			buildPhases = (
				43E7B5532DDA287E00283791 /* Sources */,
				43E7B5542DDA287E00283791 /* Frameworks */,
				43E7B5552DDA287E00283791 /* Resources */,
			);
			buildRules = (
			);
			dependencies = (
				43E7B5592DDA287E00283791 /* PBXTargetDependency */,
			);
			name = TuRtmpPushTests;
			productName = TuRtmpPushTests;
			productReference = 43E7B5572DDA287E00283791 /* TuRtmpPushTests.xctest */;
			productType = "com.apple.product-type.bundle.unit-test";
		};
		43E7B5602DDA287E00283791 /* TuRtmpPushUITests */ = {
			isa = PBXNativeTarget;
			buildConfigurationList = 43E7B5712DDA287E00283791 /* Build configuration list for PBXNativeTarget "TuRtmpPushUITests" */;
			buildPhases = (
				43E7B55D2DDA287E00283791 /* Sources */,
				43E7B55E2DDA287E00283791 /* Frameworks */,
				43E7B55F2DDA287E00283791 /* Resources */,
			);
			buildRules = (
			);
			dependencies = (
				43E7B5632DDA287E00283791 /* PBXTargetDependency */,
			);
			name = TuRtmpPushUITests;
			productName = TuRtmpPushUITests;
			productReference = 43E7B5612DDA287E00283791 /* TuRtmpPushUITests.xctest */;
			productType = "com.apple.product-type.bundle.ui-testing";
		};
/* End PBXNativeTarget section */

/* Begin PBXProject section */
		43E7B5342DDA287C00283791 /* Project object */ = {
			isa = PBXProject;
			attributes = {
				BuildIndependentTargetsInParallel = 1;
				LastUpgradeCheck = 1430;
				TargetAttributes = {
					43E7B53B2DDA287D00283791 = {
						CreatedOnToolsVersion = 14.3.1;
					};
					43E7B5562DDA287E00283791 = {
						CreatedOnToolsVersion = 14.3.1;
						TestTargetID = 43E7B53B2DDA287D00283791;
					};
					43E7B5602DDA287E00283791 = {
						CreatedOnToolsVersion = 14.3.1;
						TestTargetID = 43E7B53B2DDA287D00283791;
					};
				};
			};
			buildConfigurationList = 43E7B5372DDA287C00283791 /* Build configuration list for PBXProject "TuRtmpPush" */;
			compatibilityVersion = "Xcode 14.0";
			developmentRegion = en;
			hasScannedForEncodings = 0;
			knownRegions = (
				en,
				Base,
			);
			mainGroup = 43E7B5332DDA287C00283791;
			productRefGroup = 43E7B53D2DDA287D00283791 /* Products */;
			projectDirPath = "";
			projectRoot = "";
			targets = (
				43E7B53B2DDA287D00283791 /* TuRtmpPush */,
				43E7B5562DDA287E00283791 /* TuRtmpPushTests */,
				43E7B5602DDA287E00283791 /* TuRtmpPushUITests */,
			);
		};
/* End PBXProject section */

/* Begin PBXResourcesBuildPhase section */
		43E7B53A2DDA287D00283791 /* Resources */ = {
			isa = PBXResourcesBuildPhase;
			buildActionMask = 2147483647;
			files = (
				43E7B54F2DDA287E00283791 /* LaunchScreen.storyboard in Resources */,
				43E7B54C2DDA287E00283791 /* Assets.xcassets in Resources */,
				43E7B54A2DDA287D00283791 /* Main.storyboard in Resources */,
			);
			runOnlyForDeploymentPostprocessing = 0;
		};
		43E7B5552DDA287E00283791 /* Resources */ = {
			isa = PBXResourcesBuildPhase;
			buildActionMask = 2147483647;
			files = (
			);
			runOnlyForDeploymentPostprocessing = 0;
		};
		43E7B55F2DDA287E00283791 /* Resources */ = {
			isa = PBXResourcesBuildPhase;
			buildActionMask = 2147483647;
			files = (
			);
			runOnlyForDeploymentPostprocessing = 0;
		};
/* End PBXResourcesBuildPhase section */

/* Begin PBXSourcesBuildPhase section */
		43E7B5382DDA287D00283791 /* Sources */ = {
			isa = PBXSourcesBuildPhase;
			buildActionMask = 2147483647;
			files = (
				43E7B5472DDA287D00283791 /* ViewController.mm in Sources */,
				43E7B5412DDA287D00283791 /* AppDelegate.m in Sources */,
				43E7B5522DDA287E00283791 /* main.m in Sources */,
				43E7B57A2DDA29FE00283791 /* socketconnect.cpp in Sources */,
				43E7B5442DDA287D00283791 /* SceneDelegate.m in Sources */,
				430ADCBD2DEDF27D005AD2EC /* AMFEncode.cpp in Sources */,
				43E7B5772DDA29C100283791 /* handshake.cpp in Sources */,
			);
			runOnlyForDeploymentPostprocessing = 0;
		};
		43E7B5532DDA287E00283791 /* Sources */ = {
			isa = PBXSourcesBuildPhase;
			buildActionMask = 2147483647;
			files = (
				43E7B55C2DDA287E00283791 /* TuRtmpPushTests.m in Sources */,
			);
			runOnlyForDeploymentPostprocessing = 0;
		};
		43E7B55D2DDA287E00283791 /* Sources */ = {
			isa = PBXSourcesBuildPhase;
			buildActionMask = 2147483647;
			files = (
				43E7B5682DDA287E00283791 /* TuRtmpPushUITestsLaunchTests.m in Sources */,
				43E7B5662DDA287E00283791 /* TuRtmpPushUITests.m in Sources */,
			);
			runOnlyForDeploymentPostprocessing = 0;
		};
/* End PBXSourcesBuildPhase section */

/* Begin PBXTargetDependency section */
		43E7B5592DDA287E00283791 /* PBXTargetDependency */ = {
			isa = PBXTargetDependency;
			target = 43E7B53B2DDA287D00283791 /* TuRtmpPush */;
			targetProxy = 43E7B5582DDA287E00283791 /* PBXContainerItemProxy */;
		};
		43E7B5632DDA287E00283791 /* PBXTargetDependency */ = {
			isa = PBXTargetDependency;
			target = 43E7B53B2DDA287D00283791 /* TuRtmpPush */;
			targetProxy = 43E7B5622DDA287E00283791 /* PBXContainerItemProxy */;
		};
/* End PBXTargetDependency section */

/* Begin PBXVariantGroup section */
		43E7B5482DDA287D00283791 /* Main.storyboard */ = {
			isa = PBXVariantGroup;
			children = (
				43E7B5492DDA287D00283791 /* Base */,
			);
			name = Main.storyboard;
			sourceTree = "<group>";
		};
		43E7B54D2DDA287E00283791 /* LaunchScreen.storyboard */ = {
			isa = PBXVariantGroup;
			children = (
				43E7B54E2DDA287E00283791 /* Base */,
			);
			name = LaunchScreen.storyboard;
			sourceTree = "<group>";
		};
/* End PBXVariantGroup section */

/* Begin XCBuildConfiguration section */
		43E7B5692DDA287E00283791 /* Debug */ = {
			isa = XCBuildConfiguration;
			buildSettings = {
				ALWAYS_SEARCH_USER_PATHS = NO;
				CLANG_ANALYZER_NONNULL = YES;
				CLANG_ANALYZER_NUMBER_OBJECT_CONVERSION = YES_AGGRESSIVE;
				CLANG_CXX_LANGUAGE_STANDARD = "gnu++20";
				CLANG_ENABLE_MODULES = YES;
				CLANG_ENABLE_OBJC_ARC = YES;
				CLANG_ENABLE_OBJC_WEAK = YES;
				CLANG_WARN_BLOCK_CAPTURE_AUTORELEASING = YES;
				CLANG_WARN_BOOL_CONVERSION = YES;
				CLANG_WARN_COMMA = YES;
				CLANG_WARN_CONSTANT_CONVERSION = YES;
				CLANG_WARN_DEPRECATED_OBJC_IMPLEMENTATIONS = YES;
				CLANG_WARN_DIRECT_OBJC_ISA_USAGE = YES_ERROR;
				CLANG_WARN_DOCUMENTATION_COMMENTS = YES;
				CLANG_WARN_EMPTY_BODY = YES;
				CLANG_WARN_ENUM_CONVERSION = YES;
				CLANG_WARN_INFINITE_RECURSION = YES;
				CLANG_WARN_INT_CONVERSION = YES;
				CLANG_WARN_NON_LITERAL_NULL_CONVERSION = YES;
				CLANG_WARN_OBJC_IMPLICIT_RETAIN_SELF = YES;
				CLANG_WARN_OBJC_LITERAL_CONVERSION = YES;
				CLANG_WARN_OBJC_ROOT_CLASS = YES_ERROR;
				CLANG_WARN_QUOTED_INCLUDE_IN_FRAMEWORK_HEADER = YES;
				CLANG_WARN_RANGE_LOOP_ANALYSIS = YES;
				CLANG_WARN_STRICT_PROTOTYPES = YES;
				CLANG_WARN_SUSPICIOUS_MOVE = YES;
				CLANG_WARN_UNGUARDED_AVAILABILITY = YES_AGGRESSIVE;
				CLANG_WARN_UNREACHABLE_CODE = YES;
				CLANG_WARN__DUPLICATE_METHOD_MATCH = YES;
				COPY_PHASE_STRIP = NO;
				DEBUG_INFORMATION_FORMAT = dwarf;
				ENABLE_STRICT_OBJC_MSGSEND = YES;
				ENABLE_TESTABILITY = YES;
				GCC_C_LANGUAGE_STANDARD = gnu11;
				GCC_DYNAMIC_NO_PIC = NO;
				GCC_NO_COMMON_BLOCKS = YES;
				GCC_OPTIMIZATION_LEVEL = 0;
				GCC_PREPROCESSOR_DEFINITIONS = (
					"DEBUG=1",
					"$(inherited)",
				);
				GCC_WARN_64_TO_32_BIT_CONVERSION = YES;
				GCC_WARN_ABOUT_RETURN_TYPE = YES_ERROR;
				GCC_WARN_UNDECLARED_SELECTOR = YES;
				GCC_WARN_UNINITIALIZED_AUTOS = YES_AGGRESSIVE;
				GCC_WARN_UNUSED_FUNCTION = YES;
				GCC_WARN_UNUSED_VARIABLE = YES;
				IPHONEOS_DEPLOYMENT_TARGET = 16.4;
				MTL_ENABLE_DEBUG_INFO = INCLUDE_SOURCE;
				MTL_FAST_MATH = YES;
				ONLY_ACTIVE_ARCH = YES;
				SDKROOT = iphoneos;
			};
			name = Debug;
		};
		43E7B56A2DDA287E00283791 /* Release */ = {
			isa = XCBuildConfiguration;
			buildSettings = {
				ALWAYS_SEARCH_USER_PATHS = NO;
				CLANG_ANALYZER_NONNULL = YES;
				CLANG_ANALYZER_NUMBER_OBJECT_CONVERSION = YES_AGGRESSIVE;
				CLANG_CXX_LANGUAGE_STANDARD = "gnu++20";
				CLANG_ENABLE_MODULES = YES;
				CLANG_ENABLE_OBJC_ARC = YES;
				CLANG_ENABLE_OBJC_WEAK = YES;
				CLANG_WARN_BLOCK_CAPTURE_AUTORELEASING = YES;
				CLANG_WARN_BOOL_CONVERSION = YES;
				CLANG_WARN_COMMA = YES;
				CLANG_WARN_CONSTANT_CONVERSION = YES;
				CLANG_WARN_DEPRECATED_OBJC_IMPLEMENTATIONS = YES;
				CLANG_WARN_DIRECT_OBJC_ISA_USAGE = YES_ERROR;
				CLANG_WARN_DOCUMENTATION_COMMENTS = YES;
				CLANG_WARN_EMPTY_BODY = YES;
				CLANG_WARN_ENUM_CONVERSION = YES;
				CLANG_WARN_INFINITE_RECURSION = YES;
				CLANG_WARN_INT_CONVERSION = YES;
				CLANG_WARN_NON_LITERAL_NULL_CONVERSION = YES;
				CLANG_WARN_OBJC_IMPLICIT_RETAIN_SELF = YES;
				CLANG_WARN_OBJC_LITERAL_CONVERSION = YES;
				CLANG_WARN_OBJC_ROOT_CLASS = YES_ERROR;
				CLANG_WARN_QUOTED_INCLUDE_IN_FRAMEWORK_HEADER = YES;
				CLANG_WARN_RANGE_LOOP_ANALYSIS = YES;
				CLANG_WARN_STRICT_PROTOTYPES = YES;
				CLANG_WARN_SUSPICIOUS_MOVE = YES;
				CLANG_WARN_UNGUARDED_AVAILABILITY = YES_AGGRESSIVE;
				CLANG_WARN_UNREACHABLE_CODE = YES;
				CLANG_WARN__DUPLICATE_METHOD_MATCH = YES;
				COPY_PHASE_STRIP = NO;
				DEBUG_INFORMATION_FORMAT = "dwarf-with-dsym";
				ENABLE_NS_ASSERTIONS = NO;
				ENABLE_STRICT_OBJC_MSGSEND = YES;
				GCC_C_LANGUAGE_STANDARD = gnu11;
				GCC_NO_COMMON_BLOCKS = YES;
				GCC_WARN_64_TO_32_BIT_CONVERSION = YES;
				GCC_WARN_ABOUT_RETURN_TYPE = YES_ERROR;
				GCC_WARN_UNDECLARED_SELECTOR = YES;
				GCC_WARN_UNINITIALIZED_AUTOS = YES_AGGRESSIVE;
				GCC_WARN_UNUSED_FUNCTION = YES;
				GCC_WARN_UNUSED_VARIABLE = YES;
				IPHONEOS_DEPLOYMENT_TARGET = 16.4;
				MTL_ENABLE_DEBUG_INFO = NO;
				MTL_FAST_MATH = YES;
				SDKROOT = iphoneos;
				VALIDATE_PRODUCT = YES;
			};
			name = Release;
		};
		43E7B56C2DDA287E00283791 /* Debug */ = {
			isa = XCBuildConfiguration;
			buildSettings = {
				ASSETCATALOG_COMPILER_APPICON_NAME = AppIcon;
				ASSETCATALOG_COMPILER_GLOBAL_ACCENT_COLOR_NAME = AccentColor;
				CODE_SIGN_STYLE = Automatic;
				CURRENT_PROJECT_VERSION = 1;
				DEVELOPMENT_TEAM = YQ5DH477MC;
				GENERATE_INFOPLIST_FILE = YES;
				INFOPLIST_FILE = TuRtmpPush/Info.plist;
				INFOPLIST_KEY_UIApplicationSupportsIndirectInputEvents = YES;
				INFOPLIST_KEY_UILaunchStoryboardName = LaunchScreen;
				INFOPLIST_KEY_UIMainStoryboardFile = Main;
				INFOPLIST_KEY_UISupportedInterfaceOrientations_iPad = "UIInterfaceOrientationPortrait UIInterfaceOrientationPortraitUpsideDown UIInterfaceOrientationLandscapeLeft UIInterfaceOrientationLandscapeRight";
				INFOPLIST_KEY_UISupportedInterfaceOrientations_iPhone = "UIInterfaceOrientationPortrait UIInterfaceOrientationLandscapeLeft UIInterfaceOrientationLandscapeRight";
				LD_RUNPATH_SEARCH_PATHS = (
					"$(inherited)",
					"@executable_path/Frameworks",
				);
				MARKETING_VERSION = 1.0;
				PRODUCT_BUNDLE_IDENTIFIER = com.wuzhantu.TuRtmpPush;
				PRODUCT_NAME = "$(TARGET_NAME)";
				SWIFT_EMIT_LOC_STRINGS = YES;
				TARGETED_DEVICE_FAMILY = "1,2";
			};
			name = Debug;
		};
		43E7B56D2DDA287E00283791 /* Release */ = {
			isa = XCBuildConfiguration;
			buildSettings = {
				ASSETCATALOG_COMPILER_APPICON_NAME = AppIcon;
				ASSETCATALOG_COMPILER_GLOBAL_ACCENT_COLOR_NAME = AccentColor;
				CODE_SIGN_STYLE = Automatic;
				CURRENT_PROJECT_VERSION = 1;
				DEVELOPMENT_TEAM = YQ5DH477MC;
				GENERATE_INFOPLIST_FILE = YES;
				INFOPLIST_FILE = TuRtmpPush/Info.plist;
				INFOPLIST_KEY_UIApplicationSupportsIndirectInputEvents = YES;
				INFOPLIST_KEY_UILaunchStoryboardName = LaunchScreen;
				INFOPLIST_KEY_UIMainStoryboardFile = Main;
				INFOPLIST_KEY_UISupportedInterfaceOrientations_iPad = "UIInterfaceOrientationPortrait UIInterfaceOrientationPortraitUpsideDown UIInterfaceOrientationLandscapeLeft UIInterfaceOrientationLandscapeRight";
				INFOPLIST_KEY_UISupportedInterfaceOrientations_iPhone = "UIInterfaceOrientationPortrait UIInterfaceOrientationLandscapeLeft UIInterfaceOrientationLandscapeRight";
				LD_RUNPATH_SEARCH_PATHS = (
					"$(inherited)",
					"@executable_path/Frameworks",
				);
				MARKETING_VERSION = 1.0;
				PRODUCT_BUNDLE_IDENTIFIER = com.wuzhantu.TuRtmpPush;
				PRODUCT_NAME = "$(TARGET_NAME)";
				SWIFT_EMIT_LOC_STRINGS = YES;
				TARGETED_DEVICE_FAMILY = "1,2";
			};
			name = Release;
		};
		43E7B56F2DDA287E00283791 /* Debug */ = {
			isa = XCBuildConfiguration;
			buildSettings = {
				BUNDLE_LOADER = "$(TEST_HOST)";
				CODE_SIGN_STYLE = Automatic;
				CURRENT_PROJECT_VERSION = 1;
				DEVELOPMENT_TEAM = YQ5DH477MC;
				GENERATE_INFOPLIST_FILE = YES;
				IPHONEOS_DEPLOYMENT_TARGET = 16.4;
				MARKETING_VERSION = 1.0;
				PRODUCT_BUNDLE_IDENTIFIER = com.wuzhantu.TuRtmpPushTests;
				PRODUCT_NAME = "$(TARGET_NAME)";
				SWIFT_EMIT_LOC_STRINGS = NO;
				TARGETED_DEVICE_FAMILY = "1,2";
				TEST_HOST = "$(BUILT_PRODUCTS_DIR)/TuRtmpPush.app/$(BUNDLE_EXECUTABLE_FOLDER_PATH)/TuRtmpPush";
			};
			name = Debug;
		};
		43E7B5702DDA287E00283791 /* Release */ = {
			isa = XCBuildConfiguration;
			buildSettings = {
				BUNDLE_LOADER = "$(TEST_HOST)";
				CODE_SIGN_STYLE = Automatic;
				CURRENT_PROJECT_VERSION = 1;
				DEVELOPMENT_TEAM = YQ5DH477MC;
				GENERATE_INFOPLIST_FILE = YES;
				IPHONEOS_DEPLOYMENT_TARGET = 16.4;
				MARKETING_VERSION = 1.0;
				PRODUCT_BUNDLE_IDENTIFIER = com.wuzhantu.TuRtmpPushTests;
				PRODUCT_NAME = "$(TARGET_NAME)";
				SWIFT_EMIT_LOC_STRINGS = NO;
				TARGETED_DEVICE_FAMILY = "1,2";
				TEST_HOST = "$(BUILT_PRODUCTS_DIR)/TuRtmpPush.app/$(BUNDLE_EXECUTABLE_FOLDER_PATH)/TuRtmpPush";
			};
			name = Release;
		};
		43E7B5722DDA287E00283791 /* Debug */ = {
			isa = XCBuildConfiguration;
			buildSettings = {
				CODE_SIGN_STYLE = Automatic;
				CURRENT_PROJECT_VERSION = 1;
				DEVELOPMENT_TEAM = YQ5DH477MC;
				GENERATE_INFOPLIST_FILE = YES;
				MARKETING_VERSION = 1.0;
				PRODUCT_BUNDLE_IDENTIFIER = com.wuzhantu.TuRtmpPushUITests;
				PRODUCT_NAME = "$(TARGET_NAME)";
				SWIFT_EMIT_LOC_STRINGS = NO;
				TARGETED_DEVICE_FAMILY = "1,2";
				TEST_TARGET_NAME = TuRtmpPush;
			};
			name = Debug;
		};
		43E7B5732DDA287E00283791 /* Release */ = {
			isa = XCBuildConfiguration;
			buildSettings = {
				CODE_SIGN_STYLE = Automatic;
				CURRENT_PROJECT_VERSION = 1;
				DEVELOPMENT_TEAM = YQ5DH477MC;
				GENERATE_INFOPLIST_FILE = YES;
				MARKETING_VERSION = 1.0;
				PRODUCT_BUNDLE_IDENTIFIER = com.wuzhantu.TuRtmpPushUITests;
				PRODUCT_NAME = "$(TARGET_NAME)";
				SWIFT_EMIT_LOC_STRINGS = NO;
				TARGETED_DEVICE_FAMILY = "1,2";
				TEST_TARGET_NAME = TuRtmpPush;
			};
			name = Release;
		};
/* End XCBuildConfiguration section */

/* Begin XCConfigurationList section */
		43E7B5372DDA287C00283791 /* Build configuration list for PBXProject "TuRtmpPush" */ = {
			isa = XCConfigurationList;
			buildConfigurations = (
				43E7B5692DDA287E00283791 /* Debug */,
				43E7B56A2DDA287E00283791 /* Release */,
			);
			defaultConfigurationIsVisible = 0;
			defaultConfigurationName = Release;
		};
		43E7B56B2DDA287E00283791 /* Build configuration list for PBXNativeTarget "TuRtmpPush" */ = {
			isa = XCConfigurationList;
			buildConfigurations = (
				43E7B56C2DDA287E00283791 /* Debug */,
				43E7B56D2DDA287E00283791 /* Release */,
			);
			defaultConfigurationIsVisible = 0;
			defaultConfigurationName = Release;
		};
		43E7B56E2DDA287E00283791 /* Build configuration list for PBXNativeTarget "TuRtmpPushTests" */ = {
			isa = XCConfigurationList;
			buildConfigurations = (
				43E7B56F2DDA287E00283791 /* Debug */,
				43E7B5702DDA287E00283791 /* Release */,
			);
			defaultConfigurationIsVisible = 0;
			defaultConfigurationName = Release;
		};
		43E7B5712DDA287E00283791 /* Build configuration list for PBXNativeTarget "TuRtmpPushUITests" */ = {
			isa = XCConfigurationList;
			buildConfigurations = (
				43E7B5722DDA287E00283791 /* Debug */,
				43E7B5732DDA287E00283791 /* Release */,
			);
			defaultConfigurationIsVisible = 0;
			defaultConfigurationName = Release;
		};
/* End XCConfigurationList section */
	};
	rootObject = 43E7B5342DDA287C00283791 /* Project object */;
}
